// !$*UTF8*$!
{
	archiveVersion = 1;
	classes = {
	};
	objectVersion = 77;
	objects = {

/* Begin PBXBuildFile section */
		00E65B396DD0D44A4608D76E /* W8TrackrWidget.swift in Sources */ = {isa = PBXBuildFile; fileRef = 746D543B9FDD0CDA915FE666 /* W8TrackrWidget.swift */; };
		0B190CBE6ED52664CACEC1AB /* WeightEntry.swift in Sources */ = {isa = PBXBuildFile; fileRef = F53F74FCD752AA87D79A5054 /* WeightEntry.swift */; };
		0E40C56130742933B54CB636 /* Foundation.framework in Frameworks */ = {isa = PBXBuildFile; fileRef = 5FD0ED850EA78A7BA5A8C8D0 /* Foundation.framework */; };
		3D4FFF1F8BDF8A1E98EBA69A /* W8TrackrWidget.appex in Embed Foundation Extensions */ = {isa = PBXBuildFile; fileRef = 022637AB165F31D5DAC182AB /* W8TrackrWidget.appex */; };
		45A6268ECFE7DE07F54A1047 /* LargeWidgetView.swift in Sources */ = {isa = PBXBuildFile; fileRef = 4F8631D544990012D17D52D2 /* LargeWidgetView.swift */; };
		483AB4C8D97D19C29E4A5C21 /* Milestone.swift in Sources */ = {isa = PBXBuildFile; fileRef = FA0D973D7F869313A00C4D2C /* Milestone.swift */; };
		48A488BD5D5D1AC0EC01F02D /* SharedModelContainer.swift in Sources */ = {isa = PBXBuildFile; fileRef = 94CEA16BE178A03E3432761D /* SharedModelContainer.swift */; };
		A37255C62CEE567B88E69BD5 /* WeightWidgetProvider.swift in Sources */ = {isa = PBXBuildFile; fileRef = 732BADBDED7FAA39231ADF77 /* WeightWidgetProvider.swift */; };
		B66B7FCAA17B51BF6F5C1E24 /* MediumWidgetView.swift in Sources */ = {isa = PBXBuildFile; fileRef = C3E0495D5C01E860F6423599 /* MediumWidgetView.swift */; };
		BE23C51E2F215F030013ED97 /* ConfettiSwiftUI in Frameworks */ = {isa = PBXBuildFile; productRef = BE23C51D2F215F030013ED97 /* ConfettiSwiftUI */; };
		BE6598722EF2A462E383FA1A /* SmallWidgetView.swift in Sources */ = {isa = PBXBuildFile; fileRef = 6075F59E59DC54B3416912CB /* SmallWidgetView.swift */; };
		D3BE3ADBB6EA7241986A3AFF /* EmptyStateView.swift in Sources */ = {isa = PBXBuildFile; fileRef = 292027646A37C2856D40608B /* EmptyStateView.swift */; };
		E85564FAF0D9555E99068792 /* WeightWidgetEntry.swift in Sources */ = {isa = PBXBuildFile; fileRef = 4CDA67AA078FB82A3148820A /* WeightWidgetEntry.swift */; };
		LOCL25021000000000000002 /* Localizable.xcstrings in Resources */ = {isa = PBXBuildFile; fileRef = LOCL25021000000000000001 /* Localizable.xcstrings */; };
/* End PBXBuildFile section */

/* Begin PBXContainerItemProxy section */
		3B15BEE35B723BD166811328 /* PBXContainerItemProxy */ = {
			isa = PBXContainerItemProxy;
			containerPortal = BE502EA62DBFBF7700299FBF /* Project object */;
			proxyType = 1;
			remoteGlobalIDString = D264B3122EE6C7FC12156CCD;
			remoteInfo = W8TrackrWidget;
		};
		BE502EBC2DBFBF7900299FBF /* PBXContainerItemProxy */ = {
			isa = PBXContainerItemProxy;
			containerPortal = BE502EA62DBFBF7700299FBF /* Project object */;
			proxyType = 1;
			remoteGlobalIDString = BE502EAD2DBFBF7700299FBF;
			remoteInfo = W8Trackr;
		};
/* End PBXContainerItemProxy section */

/* Begin PBXCopyFilesBuildPhase section */
		C1B8F6656C4101EC190A3ED9 /* Embed Foundation Extensions */ = {
			isa = PBXCopyFilesBuildPhase;
			buildActionMask = 2147483647;
			dstPath = "";
			dstSubfolderSpec = 13;
			files = (
				3D4FFF1F8BDF8A1E98EBA69A /* W8TrackrWidget.appex in Embed Foundation Extensions */,
			);
			name = "Embed Foundation Extensions";
			runOnlyForDeploymentPostprocessing = 0;
		};
/* End PBXCopyFilesBuildPhase section */

/* Begin PBXFileReference section */
		022637AB165F31D5DAC182AB /* W8TrackrWidget.appex */ = {isa = PBXFileReference; explicitFileType = "wrapper.app-extension"; includeInIndex = 0; path = W8TrackrWidget.appex; sourceTree = BUILT_PRODUCTS_DIR; };
		292027646A37C2856D40608B /* EmptyStateView.swift */ = {isa = PBXFileReference; includeInIndex = 1; lastKnownFileType = sourcecode.swift; path = EmptyStateView.swift; sourceTree = "<group>"; };
		4CDA67AA078FB82A3148820A /* WeightWidgetEntry.swift */ = {isa = PBXFileReference; includeInIndex = 1; lastKnownFileType = sourcecode.swift; path = WeightWidgetEntry.swift; sourceTree = "<group>"; };
		4F8631D544990012D17D52D2 /* LargeWidgetView.swift */ = {isa = PBXFileReference; includeInIndex = 1; lastKnownFileType = sourcecode.swift; path = LargeWidgetView.swift; sourceTree = "<group>"; };
		5FD0ED850EA78A7BA5A8C8D0 /* Foundation.framework */ = {isa = PBXFileReference; lastKnownFileType = wrapper.framework; name = Foundation.framework; path = Platforms/iPhoneOS.platform/Developer/SDKs/iPhoneOS18.0.sdk/System/Library/Frameworks/Foundation.framework; sourceTree = DEVELOPER_DIR; };
		6075F59E59DC54B3416912CB /* SmallWidgetView.swift */ = {isa = PBXFileReference; includeInIndex = 1; lastKnownFileType = sourcecode.swift; path = SmallWidgetView.swift; sourceTree = "<group>"; };
		732BADBDED7FAA39231ADF77 /* WeightWidgetProvider.swift */ = {isa = PBXFileReference; includeInIndex = 1; lastKnownFileType = sourcecode.swift; path = WeightWidgetProvider.swift; sourceTree = "<group>"; };
		746D543B9FDD0CDA915FE666 /* W8TrackrWidget.swift */ = {isa = PBXFileReference; includeInIndex = 1; lastKnownFileType = sourcecode.swift; path = W8TrackrWidget.swift; sourceTree = "<group>"; };
		94CEA16BE178A03E3432761D /* SharedModelContainer.swift */ = {isa = PBXFileReference; includeInIndex = 1; lastKnownFileType = sourcecode.swift; name = SharedModelContainer.swift; path = ../W8Trackr/Shared/SharedModelContainer.swift; sourceTree = "<group>"; };
		BE502EAE2DBFBF7700299FBF /* W8Trackr.app */ = {isa = PBXFileReference; explicitFileType = wrapper.application; includeInIndex = 0; path = W8Trackr.app; sourceTree = BUILT_PRODUCTS_DIR; };
		BE502EBB2DBFBF7900299FBF /* W8TrackrTests.xctest */ = {isa = PBXFileReference; explicitFileType = wrapper.cfbundle; includeInIndex = 0; path = W8TrackrTests.xctest; sourceTree = BUILT_PRODUCTS_DIR; };
		BEF799582F242CA90083D2C0 /* W8Trackr.xctestplan */ = {isa = PBXFileReference; lastKnownFileType = text; path = W8Trackr.xctestplan; sourceTree = "<group>"; };
		BEUI00012DBFBF7900299FBF /* W8TrackrUITests.xctest */ = {isa = PBXFileReference; explicitFileType = wrapper.cfbundle; includeInIndex = 0; path = W8TrackrUITests.xctest; sourceTree = BUILT_PRODUCTS_DIR; };
		C3E0495D5C01E860F6423599 /* MediumWidgetView.swift */ = {isa = PBXFileReference; includeInIndex = 1; lastKnownFileType = sourcecode.swift; path = MediumWidgetView.swift; sourceTree = "<group>"; };
		F53F74FCD752AA87D79A5054 /* WeightEntry.swift */ = {isa = PBXFileReference; includeInIndex = 1; lastKnownFileType = sourcecode.swift; name = WeightEntry.swift; path = ../W8Trackr/Models/WeightEntry.swift; sourceTree = "<group>"; };
		FA0D973D7F869313A00C4D2C /* Milestone.swift */ = {isa = PBXFileReference; includeInIndex = 1; lastKnownFileType = sourcecode.swift; name = Milestone.swift; path = ../W8Trackr/Models/Milestone.swift; sourceTree = "<group>"; };
		LOCL25021000000000000001 /* Localizable.xcstrings */ = {isa = PBXFileReference; lastKnownFileType = text.json.xcstrings; path = Localizable.xcstrings; sourceTree = "<group>"; };
/* End PBXFileReference section */

/* Begin PBXFileSystemSynchronizedBuildFileExceptionSet section */
		BE7C2EED2DBFD62000C4C8E9 /* Exceptions for "W8Trackr" folder in "W8Trackr" target */ = {
			isa = PBXFileSystemSynchronizedBuildFileExceptionSet;
			membershipExceptions = (
				Info.plist,
			);
			target = BE502EAD2DBFBF7700299FBF /* W8Trackr */;
		};
/* End PBXFileSystemSynchronizedBuildFileExceptionSet section */

/* Begin PBXFileSystemSynchronizedRootGroup section */
		BE502EB02DBFBF7700299FBF /* W8Trackr */ = {
			isa = PBXFileSystemSynchronizedRootGroup;
			exceptions = (
				BE7C2EED2DBFD62000C4C8E9 /* Exceptions for "W8Trackr" folder in "W8Trackr" target */,
			);
			path = W8Trackr;
			sourceTree = "<group>";
		};
		BE502EBE2DBFBF7900299FBF /* W8TrackrTests */ = {
			isa = PBXFileSystemSynchronizedRootGroup;
			path = W8TrackrTests;
			sourceTree = "<group>";
		};
/* End PBXFileSystemSynchronizedRootGroup section */

/* Begin PBXFrameworksBuildPhase section */
		0B04931DF0EA6216E0C8BE66 /* Frameworks */ = {
			isa = PBXFrameworksBuildPhase;
			buildActionMask = 2147483647;
			files = (
				0E40C56130742933B54CB636 /* Foundation.framework in Frameworks */,
			);
			runOnlyForDeploymentPostprocessing = 0;
		};
		BE502EAB2DBFBF7700299FBF /* Frameworks */ = {
			isa = PBXFrameworksBuildPhase;
			buildActionMask = 2147483647;
			files = (
				BE23C51E2F215F030013ED97 /* ConfettiSwiftUI in Frameworks */,
			);
			runOnlyForDeploymentPostprocessing = 0;
		};
		BE502EB82DBFBF7900299FBF /* Frameworks */ = {
			isa = PBXFrameworksBuildPhase;
			buildActionMask = 2147483647;
			files = (
			);
			runOnlyForDeploymentPostprocessing = 0;
		};
/* End PBXFrameworksBuildPhase section */

/* Begin PBXGroup section */
		3FF51B1B6E139AE4E49DA92E /* SharedCode */ = {
			isa = PBXGroup;
			children = (
				F53F74FCD752AA87D79A5054 /* WeightEntry.swift */,
				FA0D973D7F869313A00C4D2C /* Milestone.swift */,
				94CEA16BE178A03E3432761D /* SharedModelContainer.swift */,
			);
			name = SharedCode;
			sourceTree = "<group>";
		};
		440F2992FB9238FFE2C40ECD /* W8TrackrWidget */ = {
			isa = PBXGroup;
			children = (
				746D543B9FDD0CDA915FE666 /* W8TrackrWidget.swift */,
				LOCL25021000000000000001 /* Localizable.xcstrings */,
				3FF51B1B6E139AE4E49DA92E /* SharedCode */,
				4CDA67AA078FB82A3148820A /* WeightWidgetEntry.swift */,
				732BADBDED7FAA39231ADF77 /* WeightWidgetProvider.swift */,
				E948A072270D753C71952FB6 /* Views */,
			);
			path = W8TrackrWidget;
			sourceTree = "<group>";
		};
		78C1404ACB68286C4AD757F9 /* Frameworks */ = {
			isa = PBXGroup;
			children = (
				EA18AC707CE813DA97574D8E /* iOS */,
			);
			name = Frameworks;
			sourceTree = "<group>";
		};
		BE502EA52DBFBF7700299FBF = {
			isa = PBXGroup;
			children = (
				BEF799582F242CA90083D2C0 /* W8Trackr.xctestplan */,
				BE502EB02DBFBF7700299FBF /* W8Trackr */,
				BE502EBE2DBFBF7900299FBF /* W8TrackrTests */,
				BE502EAF2DBFBF7700299FBF /* Products */,
				78C1404ACB68286C4AD757F9 /* Frameworks */,
				440F2992FB9238FFE2C40ECD /* W8TrackrWidget */,
			);
			sourceTree = "<group>";
		};
		BE502EAF2DBFBF7700299FBF /* Products */ = {
			isa = PBXGroup;
			children = (
				BE502EAE2DBFBF7700299FBF /* W8Trackr.app */,
				BE502EBB2DBFBF7900299FBF /* W8TrackrTests.xctest */,
				BEUI00012DBFBF7900299FBF /* W8TrackrUITests.xctest */,
				022637AB165F31D5DAC182AB /* W8TrackrWidget.appex */,
			);
			name = Products;
			sourceTree = "<group>";
		};
		E948A072270D753C71952FB6 /* Views */ = {
			isa = PBXGroup;
			children = (
				292027646A37C2856D40608B /* EmptyStateView.swift */,
				6075F59E59DC54B3416912CB /* SmallWidgetView.swift */,
				C3E0495D5C01E860F6423599 /* MediumWidgetView.swift */,
				4F8631D544990012D17D52D2 /* LargeWidgetView.swift */,
			);
			path = Views;
			sourceTree = "<group>";
		};
		EA18AC707CE813DA97574D8E /* iOS */ = {
			isa = PBXGroup;
			children = (
				5FD0ED850EA78A7BA5A8C8D0 /* Foundation.framework */,
			);
			name = iOS;
			sourceTree = "<group>";
		};
/* End PBXGroup section */

/* Begin PBXNativeTarget section */
		BE502EAD2DBFBF7700299FBF /* W8Trackr */ = {
			isa = PBXNativeTarget;
			buildConfigurationList = BE502ECF2DBFBF7900299FBF /* Build configuration list for PBXNativeTarget "W8Trackr" */;
			buildPhases = (
				BE502EE02DBFBF7900299FBF /* SwiftLint */,
				BE502EAA2DBFBF7700299FBF /* Sources */,
				BE502EAB2DBFBF7700299FBF /* Frameworks */,
				BE502EAC2DBFBF7700299FBF /* Resources */,
				C1B8F6656C4101EC190A3ED9 /* Embed Foundation Extensions */,
			);
			buildRules = (
			);
			dependencies = (
				E38FC4097FC0F5EA5BB298C1 /* PBXTargetDependency */,
			);
			fileSystemSynchronizedGroups = (
				BE502EB02DBFBF7700299FBF /* W8Trackr */,
			);
			name = W8Trackr;
			packageProductDependencies = (
				BE23C51D2F215F030013ED97 /* ConfettiSwiftUI */,
			);
			productName = W8Trackr;
			productReference = BE502EAE2DBFBF7700299FBF /* W8Trackr.app */;
			productType = "com.apple.product-type.application";
		};
		BE502EBA2DBFBF7900299FBF /* W8TrackrTests */ = {
			isa = PBXNativeTarget;
			buildConfigurationList = BE502ED22DBFBF7900299FBF /* Build configuration list for PBXNativeTarget "W8TrackrTests" */;
			buildPhases = (
				BE502EB72DBFBF7900299FBF /* Sources */,
				BE502EB82DBFBF7900299FBF /* Frameworks */,
				BE502EB92DBFBF7900299FBF /* Resources */,
			);
			buildRules = (
			);
			dependencies = (
				BE502EBD2DBFBF7900299FBF /* PBXTargetDependency */,
			);
			fileSystemSynchronizedGroups = (
				BE502EBE2DBFBF7900299FBF /* W8TrackrTests */,
			);
			name = W8TrackrTests;
			productName = W8TrackrTests;
			productReference = BE502EBB2DBFBF7900299FBF /* W8TrackrTests.xctest */;
			productType = "com.apple.product-type.bundle.unit-test";
		};
		D264B3122EE6C7FC12156CCD /* W8TrackrWidget */ = {
			isa = PBXNativeTarget;
			buildConfigurationList = 044A5B6F87E9DBDD72BFF1E3 /* Build configuration list for PBXNativeTarget "W8TrackrWidget" */;
			buildPhases = (
				E499C5C6DCEC80E463CEFD6D /* Sources */,
				0B04931DF0EA6216E0C8BE66 /* Frameworks */,
				3E998D582DD611DB73F04EBA /* Resources */,
			);
			buildRules = (
			);
			dependencies = (
			);
			name = W8TrackrWidget;
			productName = W8TrackrWidget;
			productReference = 022637AB165F31D5DAC182AB /* W8TrackrWidget.appex */;
			productType = "com.apple.product-type.app-extension";
		};
/* End PBXNativeTarget section */

/* Begin PBXProject section */
		BE502EA62DBFBF7700299FBF /* Project object */ = {
			isa = PBXProject;
			attributes = {
				BuildIndependentTargetsInParallel = 1;
				LastSwiftUpdateCheck = 1630;
				LastUpgradeCheck = 2620;
				TargetAttributes = {
					BE502EAD2DBFBF7700299FBF = {
						CreatedOnToolsVersion = 16.3;
					};
					BE502EBA2DBFBF7900299FBF = {
						CreatedOnToolsVersion = 16.3;
						TestTargetID = BE502EAD2DBFBF7700299FBF;
					};
				};
			};
			buildConfigurationList = BE502EA92DBFBF7700299FBF /* Build configuration list for PBXProject "W8Trackr" */;
			developmentRegion = en;
			hasScannedForEncodings = 0;
			knownRegions = (
				en,
				es,
				Base,
				"zh-Hans",
				fr,
				de,
				ja,
				"pt-BR",
				it,
				ko,
				ru,
			);
			mainGroup = BE502EA52DBFBF7700299FBF;
			minimizedProjectReferenceProxies = 1;
			packageReferences = (
				BE23C51C2F215F030013ED97 /* XCRemoteSwiftPackageReference "ConfettiSwiftUI" */,
			);
			preferredProjectObjectVersion = 77;
			productRefGroup = BE502EAF2DBFBF7700299FBF /* Products */;
			projectDirPath = "";
			projectRoot = "";
			targets = (
				BE502EAD2DBFBF7700299FBF /* W8Trackr */,
				BE502EBA2DBFBF7900299FBF /* W8TrackrTests */,
				D264B3122EE6C7FC12156CCD /* W8TrackrWidget */,
			);
		};
/* End PBXProject section */

/* Begin PBXResourcesBuildPhase section */
		3E998D582DD611DB73F04EBA /* Resources */ = {
			isa = PBXResourcesBuildPhase;
			buildActionMask = 2147483647;
			files = (
				LOCL25021000000000000002 /* Localizable.xcstrings in Resources */,
			);
			runOnlyForDeploymentPostprocessing = 0;
		};
		BE502EAC2DBFBF7700299FBF /* Resources */ = {
			isa = PBXResourcesBuildPhase;
			buildActionMask = 2147483647;
			files = (
			);
			runOnlyForDeploymentPostprocessing = 0;
		};
		BE502EB92DBFBF7900299FBF /* Resources */ = {
			isa = PBXResourcesBuildPhase;
			buildActionMask = 2147483647;
			files = (
			);
			runOnlyForDeploymentPostprocessing = 0;
		};
/* End PBXResourcesBuildPhase section */

/* Begin PBXShellScriptBuildPhase section */
		BE502EE02DBFBF7900299FBF /* SwiftLint */ = {
			isa = PBXShellScriptBuildPhase;
			alwaysOutOfDate = 1;
			buildActionMask = 2147483647;
			files = (
			);
			inputFileListPaths = (
			);
			inputPaths = (
				"$(SRCROOT)/.swiftlint.yml",
			);
			name = SwiftLint;
			outputFileListPaths = (
			);
			outputPaths = (
			);
			runOnlyForDeploymentPostprocessing = 0;
			shellPath = /bin/sh;
			shellScript = "# SwiftLint Build Phase\n# Run SwiftLint to enforce code style and catch issues\n\nif [ -f \"${SRCROOT}/.swiftlint.yml\" ]; then\n    if command -v swiftlint >/dev/null 2>&1; then\n        swiftlint lint --config \"${SRCROOT}/.swiftlint.yml\" || true\n    elif [ -f /opt/homebrew/bin/swiftlint ]; then\n        /opt/homebrew/bin/swiftlint lint --config \"${SRCROOT}/.swiftlint.yml\" || true\n    elif [ -f /usr/local/bin/swiftlint ]; then\n        /usr/local/bin/swiftlint lint --config \"${SRCROOT}/.swiftlint.yml\" || true\n    else\n        echo \"warning: SwiftLint not installed. Install via: brew install swiftlint\"\n    fi\nelse\n    echo \"warning: .swiftlint.yml not found at ${SRCROOT}\"\nfi\n";
		};
/* End PBXShellScriptBuildPhase section */

/* Begin PBXSourcesBuildPhase section */
		BE502EAA2DBFBF7700299FBF /* Sources */ = {
			isa = PBXSourcesBuildPhase;
			buildActionMask = 2147483647;
			files = (
			);
			runOnlyForDeploymentPostprocessing = 0;
		};
		BE502EB72DBFBF7900299FBF /* Sources */ = {
			isa = PBXSourcesBuildPhase;
			buildActionMask = 2147483647;
			files = (
			);
			runOnlyForDeploymentPostprocessing = 0;
		};
		E499C5C6DCEC80E463CEFD6D /* Sources */ = {
			isa = PBXSourcesBuildPhase;
			buildActionMask = 2147483647;
			files = (
				00E65B396DD0D44A4608D76E /* W8TrackrWidget.swift in Sources */,
				0B190CBE6ED52664CACEC1AB /* WeightEntry.swift in Sources */,
				483AB4C8D97D19C29E4A5C21 /* Milestone.swift in Sources */,
				48A488BD5D5D1AC0EC01F02D /* SharedModelContainer.swift in Sources */,
				E85564FAF0D9555E99068792 /* WeightWidgetEntry.swift in Sources */,
				A37255C62CEE567B88E69BD5 /* WeightWidgetProvider.swift in Sources */,
				D3BE3ADBB6EA7241986A3AFF /* EmptyStateView.swift in Sources */,
				BE6598722EF2A462E383FA1A /* SmallWidgetView.swift in Sources */,
				B66B7FCAA17B51BF6F5C1E24 /* MediumWidgetView.swift in Sources */,
				45A6268ECFE7DE07F54A1047 /* LargeWidgetView.swift in Sources */,
			);
			runOnlyForDeploymentPostprocessing = 0;
		};
/* End PBXSourcesBuildPhase section */

/* Begin PBXTargetDependency section */
		BE502EBD2DBFBF7900299FBF /* PBXTargetDependency */ = {
			isa = PBXTargetDependency;
			target = BE502EAD2DBFBF7700299FBF /* W8Trackr */;
			targetProxy = BE502EBC2DBFBF7900299FBF /* PBXContainerItemProxy */;
		};
		E38FC4097FC0F5EA5BB298C1 /* PBXTargetDependency */ = {
			isa = PBXTargetDependency;
			name = W8TrackrWidget;
			target = D264B3122EE6C7FC12156CCD /* W8TrackrWidget */;
			targetProxy = 3B15BEE35B723BD166811328 /* PBXContainerItemProxy */;
		};
/* End PBXTargetDependency section */

/* Begin XCBuildConfiguration section */
		7F3F384BFD7ABFDAD857608F /* Debug */ = {
			isa = XCBuildConfiguration;
			buildSettings = {
				ASSETCATALOG_COMPILER_GLOBAL_ACCENT_COLOR_NAME = AccentColor;
				ASSETCATALOG_COMPILER_WIDGET_BACKGROUND_COLOR_NAME = WidgetBackground;
				CLANG_ENABLE_OBJC_WEAK = NO;
				CODE_SIGN_ENTITLEMENTS = W8TrackrWidget/W8TrackrWidget.entitlements;
				CODE_SIGN_STYLE = Automatic;
				CURRENT_PROJECT_VERSION = 13;
				DEVELOPMENT_TEAM = 77QB78PHPH;
				GENERATE_INFOPLIST_FILE = YES;
				INFOPLIST_FILE = W8TrackrWidget/Info.plist;
				INFOPLIST_KEY_CFBundleDisplayName = "W8Trackr Widget";
				IPHONEOS_DEPLOYMENT_TARGET = 26.0;
				LD_RUNPATH_SEARCH_PATHS = (
					"$(inherited)",
					"@executable_path/Frameworks",
					"@executable_path/../../Frameworks",
				);
				MARKETING_VERSION = 1.1;
				PRODUCT_BUNDLE_IDENTIFIER = com.saults.W8Trackr.W8TrackrWidget;
				PRODUCT_NAME = "$(TARGET_NAME)";
				SDKROOT = iphoneos;
				SKIP_INSTALL = YES;
				SUPPORTED_PLATFORMS = "iphoneos iphonesimulator";
				SUPPORTS_MACCATALYST = NO;
				SUPPORTS_XR_DESIGNED_FOR_IPHONE_IPAD = NO;
				SWIFT_VERSION = 6.0;
				TARGETED_DEVICE_FAMILY = 1;
			};
			name = Debug;
		};
		B585316DAC88FB46D1F938D1 /* Release */ = {
			isa = XCBuildConfiguration;
			buildSettings = {
				ASSETCATALOG_COMPILER_GLOBAL_ACCENT_COLOR_NAME = AccentColor;
				ASSETCATALOG_COMPILER_WIDGET_BACKGROUND_COLOR_NAME = WidgetBackground;
				CLANG_ENABLE_OBJC_WEAK = NO;
				CODE_SIGN_ENTITLEMENTS = W8TrackrWidget/W8TrackrWidget.entitlements;
				CODE_SIGN_STYLE = Automatic;
				CURRENT_PROJECT_VERSION = 13;
				DEVELOPMENT_TEAM = 77QB78PHPH;
				GENERATE_INFOPLIST_FILE = YES;
				INFOPLIST_FILE = W8TrackrWidget/Info.plist;
				INFOPLIST_KEY_CFBundleDisplayName = "W8Trackr Widget";
				IPHONEOS_DEPLOYMENT_TARGET = 26.0;
				LD_RUNPATH_SEARCH_PATHS = (
					"$(inherited)",
					"@executable_path/Frameworks",
					"@executable_path/../../Frameworks",
				);
				MARKETING_VERSION = 1.1;
				PRODUCT_BUNDLE_IDENTIFIER = com.saults.W8Trackr.W8TrackrWidget;
				PRODUCT_NAME = "$(TARGET_NAME)";
				SDKROOT = iphoneos;
				SKIP_INSTALL = YES;
				SUPPORTED_PLATFORMS = "iphoneos iphonesimulator";
				SUPPORTS_MACCATALYST = NO;
				SUPPORTS_XR_DESIGNED_FOR_IPHONE_IPAD = NO;
				SWIFT_VERSION = 6.0;
				TARGETED_DEVICE_FAMILY = 1;
				VALIDATE_PRODUCT = YES;
			};
			name = Release;
		};
		BE502ECD2DBFBF7900299FBF /* Debug */ = {
			isa = XCBuildConfiguration;
			buildSettings = {
				ALWAYS_SEARCH_USER_PATHS = NO;
				ASSETCATALOG_COMPILER_GENERATE_SWIFT_ASSET_SYMBOL_EXTENSIONS = YES;
				CLANG_ANALYZER_NONNULL = YES;
				CLANG_ANALYZER_NUMBER_OBJECT_CONVERSION = YES_AGGRESSIVE;
				CLANG_CXX_LANGUAGE_STANDARD = "gnu++20";
				CLANG_ENABLE_MODULES = YES;
				CLANG_ENABLE_OBJC_ARC = YES;
				CLANG_ENABLE_OBJC_WEAK = YES;
				CLANG_WARN_BLOCK_CAPTURE_AUTORELEASING = YES;
				CLANG_WARN_BOOL_CONVERSION = YES;
				CLANG_WARN_COMMA = YES;
				CLANG_WARN_CONSTANT_CONVERSION = YES;
				CLANG_WARN_DEPRECATED_OBJC_IMPLEMENTATIONS = YES;
				CLANG_WARN_DIRECT_OBJC_ISA_USAGE = YES_ERROR;
				CLANG_WARN_DOCUMENTATION_COMMENTS = YES;
				CLANG_WARN_EMPTY_BODY = YES;
				CLANG_WARN_ENUM_CONVERSION = YES;
				CLANG_WARN_INFINITE_RECURSION = YES;
				CLANG_WARN_INT_CONVERSION = YES;
				CLANG_WARN_NON_LITERAL_NULL_CONVERSION = YES;
				CLANG_WARN_OBJC_IMPLICIT_RETAIN_SELF = YES;
				CLANG_WARN_OBJC_LITERAL_CONVERSION = YES;
				CLANG_WARN_OBJC_ROOT_CLASS = YES_ERROR;
				CLANG_WARN_QUOTED_INCLUDE_IN_FRAMEWORK_HEADER = YES;
				CLANG_WARN_RANGE_LOOP_ANALYSIS = YES;
				CLANG_WARN_STRICT_PROTOTYPES = YES;
				CLANG_WARN_SUSPICIOUS_MOVE = YES;
				CLANG_WARN_UNGUARDED_AVAILABILITY = YES_AGGRESSIVE;
				CLANG_WARN_UNREACHABLE_CODE = YES;
				CLANG_WARN__DUPLICATE_METHOD_MATCH = YES;
				COPY_PHASE_STRIP = NO;
				DEBUG_INFORMATION_FORMAT = dwarf;
				DEVELOPMENT_TEAM = 77QB78PHPH;
				ENABLE_STRICT_OBJC_MSGSEND = YES;
				ENABLE_TESTABILITY = YES;
				ENABLE_USER_SCRIPT_SANDBOXING = YES;
				GCC_C_LANGUAGE_STANDARD = gnu17;
				GCC_DYNAMIC_NO_PIC = NO;
				GCC_NO_COMMON_BLOCKS = YES;
				GCC_OPTIMIZATION_LEVEL = 0;
				GCC_PREPROCESSOR_DEFINITIONS = (
					"DEBUG=1",
					"$(inherited)",
				);
				GCC_WARN_64_TO_32_BIT_CONVERSION = YES;
				GCC_WARN_ABOUT_RETURN_TYPE = YES_ERROR;
				GCC_WARN_UNDECLARED_SELECTOR = YES;
				GCC_WARN_UNINITIALIZED_AUTOS = YES_AGGRESSIVE;
				GCC_WARN_UNUSED_FUNCTION = YES;
				GCC_WARN_UNUSED_VARIABLE = YES;
				IPHONEOS_DEPLOYMENT_TARGET = 26.0;
				LOCALIZATION_PREFERS_STRING_CATALOGS = YES;
				MTL_ENABLE_DEBUG_INFO = INCLUDE_SOURCE;
				MTL_FAST_MATH = YES;
				ONLY_ACTIVE_ARCH = YES;
				SDKROOT = iphoneos;
				STRING_CATALOG_GENERATE_SYMBOLS = YES;
				SWIFT_ACTIVE_COMPILATION_CONDITIONS = "DEBUG $(inherited)";
				SWIFT_OPTIMIZATION_LEVEL = "-Onone";
			};
			name = Debug;
		};
		BE502ECE2DBFBF7900299FBF /* Release */ = {
			isa = XCBuildConfiguration;
			buildSettings = {
				ALWAYS_SEARCH_USER_PATHS = NO;
				ASSETCATALOG_COMPILER_GENERATE_SWIFT_ASSET_SYMBOL_EXTENSIONS = YES;
				CLANG_ANALYZER_NONNULL = YES;
				CLANG_ANALYZER_NUMBER_OBJECT_CONVERSION = YES_AGGRESSIVE;
				CLANG_CXX_LANGUAGE_STANDARD = "gnu++20";
				CLANG_ENABLE_MODULES = YES;
				CLANG_ENABLE_OBJC_ARC = YES;
				CLANG_ENABLE_OBJC_WEAK = YES;
				CLANG_WARN_BLOCK_CAPTURE_AUTORELEASING = YES;
				CLANG_WARN_BOOL_CONVERSION = YES;
				CLANG_WARN_COMMA = YES;
				CLANG_WARN_CONSTANT_CONVERSION = YES;
				CLANG_WARN_DEPRECATED_OBJC_IMPLEMENTATIONS = YES;
				CLANG_WARN_DIRECT_OBJC_ISA_USAGE = YES_ERROR;
				CLANG_WARN_DOCUMENTATION_COMMENTS = YES;
				CLANG_WARN_EMPTY_BODY = YES;
				CLANG_WARN_ENUM_CONVERSION = YES;
				CLANG_WARN_INFINITE_RECURSION = YES;
				CLANG_WARN_INT_CONVERSION = YES;
				CLANG_WARN_NON_LITERAL_NULL_CONVERSION = YES;
				CLANG_WARN_OBJC_IMPLICIT_RETAIN_SELF = YES;
				CLANG_WARN_OBJC_LITERAL_CONVERSION = YES;
				CLANG_WARN_OBJC_ROOT_CLASS = YES_ERROR;
				CLANG_WARN_QUOTED_INCLUDE_IN_FRAMEWORK_HEADER = YES;
				CLANG_WARN_RANGE_LOOP_ANALYSIS = YES;
				CLANG_WARN_STRICT_PROTOTYPES = YES;
				CLANG_WARN_SUSPICIOUS_MOVE = YES;
				CLANG_WARN_UNGUARDED_AVAILABILITY = YES_AGGRESSIVE;
				CLANG_WARN_UNREACHABLE_CODE = YES;
				CLANG_WARN__DUPLICATE_METHOD_MATCH = YES;
				COPY_PHASE_STRIP = NO;
				DEBUG_INFORMATION_FORMAT = "dwarf-with-dsym";
				DEVELOPMENT_TEAM = 77QB78PHPH;
				ENABLE_NS_ASSERTIONS = NO;
				ENABLE_STRICT_OBJC_MSGSEND = YES;
				ENABLE_USER_SCRIPT_SANDBOXING = YES;
				GCC_C_LANGUAGE_STANDARD = gnu17;
				GCC_NO_COMMON_BLOCKS = YES;
				GCC_WARN_64_TO_32_BIT_CONVERSION = YES;
				GCC_WARN_ABOUT_RETURN_TYPE = YES_ERROR;
				GCC_WARN_UNDECLARED_SELECTOR = YES;
				GCC_WARN_UNINITIALIZED_AUTOS = YES_AGGRESSIVE;
				GCC_WARN_UNUSED_FUNCTION = YES;
				GCC_WARN_UNUSED_VARIABLE = YES;
				IPHONEOS_DEPLOYMENT_TARGET = 26.0;
				LOCALIZATION_PREFERS_STRING_CATALOGS = YES;
				MTL_ENABLE_DEBUG_INFO = NO;
				MTL_FAST_MATH = YES;
				SDKROOT = iphoneos;
				STRING_CATALOG_GENERATE_SYMBOLS = YES;
				SWIFT_COMPILATION_MODE = wholemodule;
				VALIDATE_PRODUCT = YES;
			};
			name = Release;
		};
		BE502ED02DBFBF7900299FBF /* Debug */ = {
			isa = XCBuildConfiguration;
			buildSettings = {
				ASSETCATALOG_COMPILER_APPICON_NAME = AppIcon;
				ASSETCATALOG_COMPILER_GLOBAL_ACCENT_COLOR_NAME = AccentColor;
				CODE_SIGN_ENTITLEMENTS = W8Trackr/W8Trackr.entitlements;
				CODE_SIGN_STYLE = Automatic;
				CURRENT_PROJECT_VERSION = 13;
				DEVELOPMENT_TEAM = 77QB78PHPH;
				ENABLE_PREVIEWS = YES;
				GENERATE_INFOPLIST_FILE = YES;
				INFOPLIST_FILE = W8Trackr/Info.plist;
				INFOPLIST_KEY_LSApplicationCategoryType = "public.app-category.healthcare-fitness";
				INFOPLIST_KEY_UIApplicationSceneManifest_Generation = YES;
				INFOPLIST_KEY_UIApplicationSupportsIndirectInputEvents = YES;
				INFOPLIST_KEY_UILaunchScreen_Generation = YES;
				INFOPLIST_KEY_UISupportedInterfaceOrientations = UIInterfaceOrientationPortrait;
				INFOPLIST_KEY_UISupportedInterfaceOrientations_iPad = "UIInterfaceOrientationLandscapeLeft UIInterfaceOrientationLandscapeRight UIInterfaceOrientationPortrait UIInterfaceOrientationPortraitUpsideDown";
				LD_RUNPATH_SEARCH_PATHS = (
					"$(inherited)",
					"@executable_path/Frameworks",
				);
				MARKETING_VERSION = 1.1;
				PRODUCT_BUNDLE_IDENTIFIER = com.saults.W8Trackr;
				PRODUCT_NAME = "$(TARGET_NAME)";
				SUPPORTED_PLATFORMS = "iphoneos iphonesimulator";
				SUPPORTS_MACCATALYST = NO;
				SUPPORTS_XR_DESIGNED_FOR_IPHONE_IPAD = NO;
				SWIFT_EMIT_LOC_STRINGS = YES;
				SWIFT_VERSION = 6.0;
				TARGETED_DEVICE_FAMILY = 1;
			};
			name = Debug;
		};
		BE502ED12DBFBF7900299FBF /* Release */ = {
			isa = XCBuildConfiguration;
			buildSettings = {
				ASSETCATALOG_COMPILER_APPICON_NAME = AppIcon;
				ASSETCATALOG_COMPILER_GLOBAL_ACCENT_COLOR_NAME = AccentColor;
				CODE_SIGN_ENTITLEMENTS = W8Trackr/W8Trackr.entitlements;
				CODE_SIGN_STYLE = Automatic;
				CURRENT_PROJECT_VERSION = 13;
				DEVELOPMENT_TEAM = 77QB78PHPH;
				ENABLE_PREVIEWS = YES;
				GENERATE_INFOPLIST_FILE = YES;
				INFOPLIST_FILE = W8Trackr/Info.plist;
				INFOPLIST_KEY_LSApplicationCategoryType = "public.app-category.healthcare-fitness";
				INFOPLIST_KEY_UIApplicationSceneManifest_Generation = YES;
				INFOPLIST_KEY_UIApplicationSupportsIndirectInputEvents = YES;
				INFOPLIST_KEY_UILaunchScreen_Generation = YES;
				INFOPLIST_KEY_UISupportedInterfaceOrientations = UIInterfaceOrientationPortrait;
				INFOPLIST_KEY_UISupportedInterfaceOrientations_iPad = "UIInterfaceOrientationLandscapeLeft UIInterfaceOrientationLandscapeRight UIInterfaceOrientationPortrait UIInterfaceOrientationPortraitUpsideDown";
				LD_RUNPATH_SEARCH_PATHS = (
					"$(inherited)",
					"@executable_path/Frameworks",
				);
				MARKETING_VERSION = 1.1;
				PRODUCT_BUNDLE_IDENTIFIER = com.saults.W8Trackr;
				PRODUCT_NAME = "$(TARGET_NAME)";
				SUPPORTED_PLATFORMS = "iphoneos iphonesimulator";
				SUPPORTS_MACCATALYST = NO;
				SUPPORTS_XR_DESIGNED_FOR_IPHONE_IPAD = NO;
				SWIFT_EMIT_LOC_STRINGS = YES;
				SWIFT_VERSION = 6.0;
				TARGETED_DEVICE_FAMILY = 1;
			};
			name = Release;
		};
		BE502ED32DBFBF7900299FBF /* Debug */ = {
			isa = XCBuildConfiguration;
			buildSettings = {
				BUNDLE_LOADER = "$(TEST_HOST)";
				CODE_SIGN_STYLE = Automatic;
				CURRENT_PROJECT_VERSION = 13;
				DEVELOPMENT_TEAM = 77QB78PHPH;
				GENERATE_INFOPLIST_FILE = YES;
				IPHONEOS_DEPLOYMENT_TARGET = 26.0;
				MARKETING_VERSION = 1.1;
				PRODUCT_BUNDLE_IDENTIFIER = com.saults.W8TrackrTests;
				PRODUCT_NAME = "$(TARGET_NAME)";
				SWIFT_EMIT_LOC_STRINGS = NO;
				SWIFT_VERSION = 5.0;
				TARGETED_DEVICE_FAMILY = "1,2";
				TEST_HOST = "$(BUILT_PRODUCTS_DIR)/W8Trackr.app/$(BUNDLE_EXECUTABLE_FOLDER_PATH)/W8Trackr";
			};
			name = Debug;
		};
		BE502ED42DBFBF7900299FBF /* Release */ = {
			isa = XCBuildConfiguration;
			buildSettings = {
				BUNDLE_LOADER = "$(TEST_HOST)";
				CODE_SIGN_STYLE = Automatic;
				CURRENT_PROJECT_VERSION = 13;
				DEVELOPMENT_TEAM = 77QB78PHPH;
				GENERATE_INFOPLIST_FILE = YES;
				IPHONEOS_DEPLOYMENT_TARGET = 26.0;
				MARKETING_VERSION = 1.1;
				PRODUCT_BUNDLE_IDENTIFIER = com.saults.W8TrackrTests;
				PRODUCT_NAME = "$(TARGET_NAME)";
				SWIFT_EMIT_LOC_STRINGS = NO;
				SWIFT_VERSION = 5.0;
				TARGETED_DEVICE_FAMILY = "1,2";
				TEST_HOST = "$(BUILT_PRODUCTS_DIR)/W8Trackr.app/$(BUNDLE_EXECUTABLE_FOLDER_PATH)/W8Trackr";
			};
			name = Release;
		};
/* End XCBuildConfiguration section */

/* Begin XCConfigurationList section */
		044A5B6F87E9DBDD72BFF1E3 /* Build configuration list for PBXNativeTarget "W8TrackrWidget" */ = {
			isa = XCConfigurationList;
			buildConfigurations = (
				B585316DAC88FB46D1F938D1 /* Release */,
				7F3F384BFD7ABFDAD857608F /* Debug */,
			);
			defaultConfigurationIsVisible = 0;
			defaultConfigurationName = Release;
		};
		BE502EA92DBFBF7700299FBF /* Build configuration list for PBXProject "W8Trackr" */ = {
			isa = XCConfigurationList;
			buildConfigurations = (
				BE502ECD2DBFBF7900299FBF /* Debug */,
				BE502ECE2DBFBF7900299FBF /* Release */,
			);
			defaultConfigurationIsVisible = 0;
			defaultConfigurationName = Release;
		};
		BE502ECF2DBFBF7900299FBF /* Build configuration list for PBXNativeTarget "W8Trackr" */ = {
			isa = XCConfigurationList;
			buildConfigurations = (
				BE502ED02DBFBF7900299FBF /* Debug */,
				BE502ED12DBFBF7900299FBF /* Release */,
			);
			defaultConfigurationIsVisible = 0;
			defaultConfigurationName = Release;
		};
		BE502ED22DBFBF7900299FBF /* Build configuration list for PBXNativeTarget "W8TrackrTests" */ = {
			isa = XCConfigurationList;
			buildConfigurations = (
				BE502ED32DBFBF7900299FBF /* Debug */,
				BE502ED42DBFBF7900299FBF /* Release */,
			);
			defaultConfigurationIsVisible = 0;
			defaultConfigurationName = Release;
		};
/* End XCConfigurationList section */

/* Begin XCRemoteSwiftPackageReference section */
		BE23C51C2F215F030013ED97 /* XCRemoteSwiftPackageReference "ConfettiSwiftUI" */ = {
			isa = XCRemoteSwiftPackageReference;
			repositoryURL = "https://github.com/simibac/ConfettiSwiftUI.git";
			requirement = {
				kind = upToNextMajorVersion;
				minimumVersion = 3.0.0;
			};
		};
/* End XCRemoteSwiftPackageReference section */

/* Begin XCSwiftPackageProductDependency section */
		BE23C51D2F215F030013ED97 /* ConfettiSwiftUI */ = {
			isa = XCSwiftPackageProductDependency;
			package = BE23C51C2F215F030013ED97 /* XCRemoteSwiftPackageReference "ConfettiSwiftUI" */;
			productName = ConfettiSwiftUI;
		};
/* End XCSwiftPackageProductDependency section */
	};
	rootObject = BE502EA62DBFBF7700299FBF /* Project object */;
}
