// !$*UTF8*$!
{
	archiveVersion = 1;
	classes = {
	};
	objectVersion = 77;
	objects = {

/* Begin PBXContainerItemProxy section */
		BE502EBC2DBFBF7900299FBF /* PBXContainerItemProxy */ = {
			isa = PBXContainerItemProxy;
			containerPortal = BE502EA62DBFBF7700299FBF /* Project object */;
			proxyType = 1;
			remoteGlobalIDString = BE502EAD2DBFBF7700299FBF;
			remoteInfo = W8Trackr;
		};
		BEUI00032DBFBF7900299FBF /* PBXContainerItemProxy */ = {
			isa = PBXContainerItemProxy;
			containerPortal = BE502EA62DBFBF7700299FBF /* Project object */;
			proxyType = 1;
			remoteGlobalIDString = BE502EAD2DBFBF7700299FBF;
			remoteInfo = W8Trackr;
		};
/* End PBXContainerItemProxy section */

/* Begin PBXFileReference section */
		BE502EAE2DBFBF7700299FBF /* W8Trackr.app */ = {isa = PBXFileReference; explicitFileType = wrapper.application; includeInIndex = 0; path = W8Trackr.app; sourceTree = BUILT_PRODUCTS_DIR; };
		BE502EBB2DBFBF7900299FBF /* W8TrackrTests.xctest */ = {isa = PBXFileReference; explicitFileType = wrapper.cfbundle; includeInIndex = 0; path = W8TrackrTests.xctest; sourceTree = BUILT_PRODUCTS_DIR; };
		BEUI00012DBFBF7900299FBF /* W8TrackrUITests.xctest */ = {isa = PBXFileReference; explicitFileType = wrapper.cfbundle; includeInIndex = 0; path = W8TrackrUITests.xctest; sourceTree = BUILT_PRODUCTS_DIR; };
/* End PBXFileReference section */

/* Begin PBXFileSystemSynchronizedBuildFileExceptionSet section */
		BE7C2EED2DBFD62000C4C8E9 /* Exceptions for "W8Trackr" folder in "W8Trackr" target */ = {
			isa = PBXFileSystemSynchronizedBuildFileExceptionSet;
			membershipExceptions = (
				Info.plist,
			);
			target = BE502EAD2DBFBF7700299FBF /* W8Trackr */;
		};
/* End PBXFileSystemSynchronizedBuildFileExceptionSet section */

/* Begin PBXFileSystemSynchronizedRootGroup section */
		BE502EB02DBFBF7700299FBF /* W8Trackr */ = {
			isa = PBXFileSystemSynchronizedRootGroup;
			exceptions = (
				BE7C2EED2DBFD62000C4C8E9 /* Exceptions for "W8Trackr" folder in "W8Trackr" target */,
			);
			path = W8Trackr;
			sourceTree = "<group>";
		};
		BE502EBE2DBFBF7900299FBF /* W8TrackrTests */ = {
			isa = PBXFileSystemSynchronizedRootGroup;
			path = W8TrackrTests;
			sourceTree = "<group>";
		};
		BEUI00022DBFBF7900299FBF /* W8TrackrUITests */ = {
			isa = PBXFileSystemSynchronizedRootGroup;
			path = W8TrackrUITests;
			sourceTree = "<group>";
		};
/* End PBXFileSystemSynchronizedRootGroup section */

/* Begin PBXFrameworksBuildPhase section */
		BE502EAB2DBFBF7700299FBF /* Frameworks */ = {
			isa = PBXFrameworksBuildPhase;
			buildActionMask = 2147483647;
			files = (
			);
			runOnlyForDeploymentPostprocessing = 0;
		};
		BE502EB82DBFBF7900299FBF /* Frameworks */ = {
			isa = PBXFrameworksBuildPhase;
			buildActionMask = 2147483647;
			files = (
			);
			runOnlyForDeploymentPostprocessing = 0;
		};
		BEUI00062DBFBF7900299FBF /* Frameworks */ = {
			isa = PBXFrameworksBuildPhase;
			buildActionMask = 2147483647;
			files = (
			);
			runOnlyForDeploymentPostprocessing = 0;
		};
/* End PBXFrameworksBuildPhase section */

/* Begin PBXGroup section */
		BE502EA52DBFBF7700299FBF = {
			isa = PBXGroup;
			children = (
				BE502EB02DBFBF7700299FBF /* W8Trackr */,
				BE502EBE2DBFBF7900299FBF /* W8TrackrTests */,
				BEUI00022DBFBF7900299FBF /* W8TrackrUITests */,
				BE502EAF2DBFBF7700299FBF /* Products */,
			);
			sourceTree = "<group>";
		};
		BE502EAF2DBFBF7700299FBF /* Products */ = {
			isa = PBXGroup;
			children = (
				BE502EAE2DBFBF7700299FBF /* W8Trackr.app */,
				BE502EBB2DBFBF7900299FBF /* W8TrackrTests.xctest */,
				BEUI00012DBFBF7900299FBF /* W8TrackrUITests.xctest */,
			);
			name = Products;
			sourceTree = "<group>";
		};
/* End PBXGroup section */

/* Begin PBXNativeTarget section */
		BE502EAD2DBFBF7700299FBF /* W8Trackr */ = {
			isa = PBXNativeTarget;
			buildConfigurationList = BE502ECF2DBFBF7900299FBF /* Build configuration list for PBXNativeTarget "W8Trackr" */;
			buildPhases = (
				BE502EE02DBFBF7900299FBF /* SwiftLint */,
				BE502EAA2DBFBF7700299FBF /* Sources */,
				BE502EAB2DBFBF7700299FBF /* Frameworks */,
				BE502EAC2DBFBF7700299FBF /* Resources */,
			);
			buildRules = (
			);
			dependencies = (
			);
			fileSystemSynchronizedGroups = (
				BE502EB02DBFBF7700299FBF /* W8Trackr */,
			);
			name = W8Trackr;
			packageProductDependencies = (
			);
			productName = W8Trackr;
			productReference = BE502EAE2DBFBF7700299FBF /* W8Trackr.app */;
			productType = "com.apple.product-type.application";
		};
		BE502EBA2DBFBF7900299FBF /* W8TrackrTests */ = {
			isa = PBXNativeTarget;
			buildConfigurationList = BE502ED22DBFBF7900299FBF /* Build configuration list for PBXNativeTarget "W8TrackrTests" */;
			buildPhases = (
				BE502EB72DBFBF7900299FBF /* Sources */,
				BE502EB82DBFBF7900299FBF /* Frameworks */,
				BE502EB92DBFBF7900299FBF /* Resources */,
			);
			buildRules = (
			);
			dependencies = (
				BE502EBD2DBFBF7900299FBF /* PBXTargetDependency */,
			);
			fileSystemSynchronizedGroups = (
				BE502EBE2DBFBF7900299FBF /* W8TrackrTests */,
			);
			name = W8TrackrTests;
			packageProductDependencies = (
			);
			productName = W8TrackrTests;
			productReference = BE502EBB2DBFBF7900299FBF /* W8TrackrTests.xctest */;
			productType = "com.apple.product-type.bundle.unit-test";
		};
		BEUI00082DBFBF7900299FBF /* W8TrackrUITests */ = {
			isa = PBXNativeTarget;
			buildConfigurationList = BEUI000B2DBFBF7900299FBF /* Build configuration list for PBXNativeTarget "W8TrackrUITests" */;
			buildPhases = (
				BEUI00052DBFBF7900299FBF /* Sources */,
				BEUI00062DBFBF7900299FBF /* Frameworks */,
				BEUI00072DBFBF7900299FBF /* Resources */,
			);
			buildRules = (
			);
			dependencies = (
				BEUI00042DBFBF7900299FBF /* PBXTargetDependency */,
			);
			fileSystemSynchronizedGroups = (
				BEUI00022DBFBF7900299FBF /* W8TrackrUITests */,
			);
			name = W8TrackrUITests;
			packageProductDependencies = (
			);
			productName = W8TrackrUITests;
			productReference = BEUI00012DBFBF7900299FBF /* W8TrackrUITests.xctest */;
			productType = "com.apple.product-type.bundle.ui-testing";
		};
/* End PBXNativeTarget section */

/* Begin PBXProject section */
		BE502EA62DBFBF7700299FBF /* Project object */ = {
			isa = PBXProject;
			attributes = {
				BuildIndependentTargetsInParallel = 1;
				LastSwiftUpdateCheck = 1630;
				LastUpgradeCheck = 1630;
				TargetAttributes = {
					BE502EAD2DBFBF7700299FBF = {
						CreatedOnToolsVersion = 16.3;
					};
					BE502EBA2DBFBF7900299FBF = {
						CreatedOnToolsVersion = 16.3;
						TestTargetID = BE502EAD2DBFBF7700299FBF;
					};
					BEUI00082DBFBF7900299FBF = {
						CreatedOnToolsVersion = 16.3;
						TestTargetID = BE502EAD2DBFBF7700299FBF;
					};
				};
			};
			buildConfigurationList = BE502EA92DBFBF7700299FBF /* Build configuration list for PBXProject "W8Trackr" */;
			developmentRegion = en;
			hasScannedForEncodings = 0;
			knownRegions = (
				en,
				Base,
			);
			mainGroup = BE502EA52DBFBF7700299FBF;
			minimizedProjectReferenceProxies = 1;
			packageReferences = (
			);
			preferredProjectObjectVersion = 77;
			productRefGroup = BE502EAF2DBFBF7700299FBF /* Products */;
			projectDirPath = "";
			projectRoot = "";
			targets = (
				BE502EAD2DBFBF7700299FBF /* W8Trackr */,
				BE502EBA2DBFBF7900299FBF /* W8TrackrTests */,
				BEUI00082DBFBF7900299FBF /* W8TrackrUITests */,
			);
		};
/* End PBXProject section */

/* Begin PBXResourcesBuildPhase section */
		BE502EAC2DBFBF7700299FBF /* Resources */ = {
			isa = PBXResourcesBuildPhase;
			buildActionMask = 2147483647;
			files = (
			);
			runOnlyForDeploymentPostprocessing = 0;
		};
		BE502EB92DBFBF7900299FBF /* Resources */ = {
			isa = PBXResourcesBuildPhase;
			buildActionMask = 2147483647;
			files = (
			);
			runOnlyForDeploymentPostprocessing = 0;
		};
		BEUI00072DBFBF7900299FBF /* Resources */ = {
			isa = PBXResourcesBuildPhase;
			buildActionMask = 2147483647;
			files = (
			);
			runOnlyForDeploymentPostprocessing = 0;
		};
/* End PBXResourcesBuildPhase section */

/* Begin PBXShellScriptBuildPhase section */
		BE502EE02DBFBF7900299FBF /* SwiftLint */ = {
			isa = PBXShellScriptBuildPhase;
			alwaysOutOfDate = 1;
			buildActionMask = 2147483647;
			files = (
			);
			inputFileListPaths = (
			);
			inputPaths = (
				"$(SRCROOT)/.swiftlint.yml",
			);
			name = SwiftLint;
			outputFileListPaths = (
			);
			outputPaths = (
			);
			runOnlyForDeploymentPostprocessing = 0;
			shellPath = /bin/sh;
			shellScript = "# SwiftLint Build Phase\n# Run SwiftLint to enforce code style and catch issues\n\nif [ -f \"${SRCROOT}/.swiftlint.yml\" ]; then\n    if command -v swiftlint >/dev/null 2>&1; then\n        swiftlint lint --config \"${SRCROOT}/.swiftlint.yml\" || true\n    elif [ -f /opt/homebrew/bin/swiftlint ]; then\n        /opt/homebrew/bin/swiftlint lint --config \"${SRCROOT}/.swiftlint.yml\" || true\n    elif [ -f /usr/local/bin/swiftlint ]; then\n        /usr/local/bin/swiftlint lint --config \"${SRCROOT}/.swiftlint.yml\" || true\n    else\n        echo \"warning: SwiftLint not installed. Install via: brew install swiftlint\"\n    fi\nelse\n    echo \"warning: .swiftlint.yml not found at ${SRCROOT}\"\nfi\n";
		};
/* End PBXShellScriptBuildPhase section */

/* Begin PBXSourcesBuildPhase section */
		BE502EAA2DBFBF7700299FBF /* Sources */ = {
			isa = PBXSourcesBuildPhase;
			buildActionMask = 2147483647;
			files = (
			);
			runOnlyForDeploymentPostprocessing = 0;
		};
		BE502EB72DBFBF7900299FBF /* Sources */ = {
			isa = PBXSourcesBuildPhase;
			buildActionMask = 2147483647;
			files = (
			);
			runOnlyForDeploymentPostprocessing = 0;
		};
		BEUI00052DBFBF7900299FBF /* Sources */ = {
			isa = PBXSourcesBuildPhase;
			buildActionMask = 2147483647;
			files = (
			);
			runOnlyForDeploymentPostprocessing = 0;
		};
/* End PBXSourcesBuildPhase section */

/* Begin PBXTargetDependency section */
		BE502EBD2DBFBF7900299FBF /* PBXTargetDependency */ = {
			isa = PBXTargetDependency;
			target = BE502EAD2DBFBF7700299FBF /* W8Trackr */;
			targetProxy = BE502EBC2DBFBF7900299FBF /* PBXContainerItemProxy */;
		};
		BEUI00042DBFBF7900299FBF /* PBXTargetDependency */ = {
			isa = PBXTargetDependency;
			target = BE502EAD2DBFBF7700299FBF /* W8Trackr */;
			targetProxy = BEUI00032DBFBF7900299FBF /* PBXContainerItemProxy */;
		};
/* End PBXTargetDependency section */

/* Begin XCBuildConfiguration section */
		BE502ECD2DBFBF7900299FBF /* Debug */ = {
			isa = XCBuildConfiguration;
			buildSettings = {
				ALWAYS_SEARCH_USER_PATHS = NO;
				ASSETCATALOG_COMPILER_GENERATE_SWIFT_ASSET_SYMBOL_EXTENSIONS = YES;
				CLANG_ANALYZER_NONNULL = YES;
				CLANG_ANALYZER_NUMBER_OBJECT_CONVERSION = YES_AGGRESSIVE;
				CLANG_CXX_LANGUAGE_STANDARD = "gnu++20";
				CLANG_ENABLE_MODULES = YES;
				CLANG_ENABLE_OBJC_ARC = YES;
				CLANG_ENABLE_OBJC_WEAK = YES;
				CLANG_WARN_BLOCK_CAPTURE_AUTORELEASING = YES;
				CLANG_WARN_BOOL_CONVERSION = YES;
				CLANG_WARN_COMMA = YES;
				CLANG_WARN_CONSTANT_CONVERSION = YES;
				CLANG_WARN_DEPRECATED_OBJC_IMPLEMENTATIONS = YES;
				CLANG_WARN_DIRECT_OBJC_ISA_USAGE = YES_ERROR;
				CLANG_WARN_DOCUMENTATION_COMMENTS = YES;
				CLANG_WARN_EMPTY_BODY = YES;
				CLANG_WARN_ENUM_CONVERSION = YES;
				CLANG_WARN_INFINITE_RECURSION = YES;
				CLANG_WARN_INT_CONVERSION = YES;
				CLANG_WARN_NON_LITERAL_NULL_CONVERSION = YES;
				CLANG_WARN_OBJC_IMPLICIT_RETAIN_SELF = YES;
				CLANG_WARN_OBJC_LITERAL_CONVERSION = YES;
				CLANG_WARN_OBJC_ROOT_CLASS = YES_ERROR;
				CLANG_WARN_QUOTED_INCLUDE_IN_FRAMEWORK_HEADER = YES;
				CLANG_WARN_RANGE_LOOP_ANALYSIS = YES;
				CLANG_WARN_STRICT_PROTOTYPES = YES;
				CLANG_WARN_SUSPICIOUS_MOVE = YES;
				CLANG_WARN_UNGUARDED_AVAILABILITY = YES_AGGRESSIVE;
				CLANG_WARN_UNREACHABLE_CODE = YES;
				CLANG_WARN__DUPLICATE_METHOD_MATCH = YES;
				COPY_PHASE_STRIP = NO;
				DEBUG_INFORMATION_FORMAT = dwarf;
				DEVELOPMENT_TEAM = 77QB78PHPH;
				ENABLE_STRICT_OBJC_MSGSEND = YES;
				ENABLE_TESTABILITY = YES;
				ENABLE_USER_SCRIPT_SANDBOXING = YES;
				GCC_C_LANGUAGE_STANDARD = gnu17;
				GCC_DYNAMIC_NO_PIC = NO;
				GCC_NO_COMMON_BLOCKS = YES;
				GCC_OPTIMIZATION_LEVEL = 0;
				GCC_PREPROCESSOR_DEFINITIONS = (
					"DEBUG=1",
					"$(inherited)",
				);
				GCC_WARN_64_TO_32_BIT_CONVERSION = YES;
				GCC_WARN_ABOUT_RETURN_TYPE = YES_ERROR;
				GCC_WARN_UNDECLARED_SELECTOR = YES;
				GCC_WARN_UNINITIALIZED_AUTOS = YES_AGGRESSIVE;
				GCC_WARN_UNUSED_FUNCTION = YES;
				GCC_WARN_UNUSED_VARIABLE = YES;
				IPHONEOS_DEPLOYMENT_TARGET = 18.4;
				LOCALIZATION_PREFERS_STRING_CATALOGS = YES;
				MTL_ENABLE_DEBUG_INFO = INCLUDE_SOURCE;
				MTL_FAST_MATH = YES;
				ONLY_ACTIVE_ARCH = YES;
				SDKROOT = iphoneos;
				SWIFT_ACTIVE_COMPILATION_CONDITIONS = "DEBUG $(inherited)";
				SWIFT_OPTIMIZATION_LEVEL = "-Onone";
			};
			name = Debug;
		};
		BE502ECE2DBFBF7900299FBF /* Release */ = {
			isa = XCBuildConfiguration;
			buildSettings = {
				ALWAYS_SEARCH_USER_PATHS = NO;
				ASSETCATALOG_COMPILER_GENERATE_SWIFT_ASSET_SYMBOL_EXTENSIONS = YES;
				CLANG_ANALYZER_NONNULL = YES;
				CLANG_ANALYZER_NUMBER_OBJECT_CONVERSION = YES_AGGRESSIVE;
				CLANG_CXX_LANGUAGE_STANDARD = "gnu++20";
				CLANG_ENABLE_MODULES = YES;
				CLANG_ENABLE_OBJC_ARC = YES;
				CLANG_ENABLE_OBJC_WEAK = YES;
				CLANG_WARN_BLOCK_CAPTURE_AUTORELEASING = YES;
				CLANG_WARN_BOOL_CONVERSION = YES;
				CLANG_WARN_COMMA = YES;
				CLANG_WARN_CONSTANT_CONVERSION = YES;
				CLANG_WARN_DEPRECATED_OBJC_IMPLEMENTATIONS = YES;
				CLANG_WARN_DIRECT_OBJC_ISA_USAGE = YES_ERROR;
				CLANG_WARN_DOCUMENTATION_COMMENTS = YES;
				CLANG_WARN_EMPTY_BODY = YES;
				CLANG_WARN_ENUM_CONVERSION = YES;
				CLANG_WARN_INFINITE_RECURSION = YES;
				CLANG_WARN_INT_CONVERSION = YES;
				CLANG_WARN_NON_LITERAL_NULL_CONVERSION = YES;
				CLANG_WARN_OBJC_IMPLICIT_RETAIN_SELF = YES;
				CLANG_WARN_OBJC_LITERAL_CONVERSION = YES;
				CLANG_WARN_OBJC_ROOT_CLASS = YES_ERROR;
				CLANG_WARN_QUOTED_INCLUDE_IN_FRAMEWORK_HEADER = YES;
				CLANG_WARN_RANGE_LOOP_ANALYSIS = YES;
				CLANG_WARN_STRICT_PROTOTYPES = YES;
				CLANG_WARN_SUSPICIOUS_MOVE = YES;
				CLANG_WARN_UNGUARDED_AVAILABILITY = YES_AGGRESSIVE;
				CLANG_WARN_UNREACHABLE_CODE = YES;
				CLANG_WARN__DUPLICATE_METHOD_MATCH = YES;
				COPY_PHASE_STRIP = NO;
				DEBUG_INFORMATION_FORMAT = "dwarf-with-dsym";
				DEVELOPMENT_TEAM = 77QB78PHPH;
				ENABLE_NS_ASSERTIONS = NO;
				ENABLE_STRICT_OBJC_MSGSEND = YES;
				ENABLE_USER_SCRIPT_SANDBOXING = YES;
				GCC_C_LANGUAGE_STANDARD = gnu17;
				GCC_NO_COMMON_BLOCKS = YES;
				GCC_WARN_64_TO_32_BIT_CONVERSION = YES;
				GCC_WARN_ABOUT_RETURN_TYPE = YES_ERROR;
				GCC_WARN_UNDECLARED_SELECTOR = YES;
				GCC_WARN_UNINITIALIZED_AUTOS = YES_AGGRESSIVE;
				GCC_WARN_UNUSED_FUNCTION = YES;
				GCC_WARN_UNUSED_VARIABLE = YES;
				IPHONEOS_DEPLOYMENT_TARGET = 18.4;
				LOCALIZATION_PREFERS_STRING_CATALOGS = YES;
				MTL_ENABLE_DEBUG_INFO = NO;
				MTL_FAST_MATH = YES;
				SDKROOT = iphoneos;
				SWIFT_COMPILATION_MODE = wholemodule;
				VALIDATE_PRODUCT = YES;
			};
			name = Release;
		};
		BE502ED02DBFBF7900299FBF /* Debug */ = {
			isa = XCBuildConfiguration;
			buildSettings = {
				ASSETCATALOG_COMPILER_APPICON_NAME = AppIcon;
				ASSETCATALOG_COMPILER_GLOBAL_ACCENT_COLOR_NAME = AccentColor;
				CODE_SIGN_ENTITLEMENTS = W8Trackr/W8Trackr.entitlements;
				CODE_SIGN_STYLE = Automatic;
				CURRENT_PROJECT_VERSION = 4;
				DEVELOPMENT_TEAM = 77QB78PHPH;
				ENABLE_PREVIEWS = YES;
				GENERATE_INFOPLIST_FILE = YES;
				INFOPLIST_FILE = W8Trackr/Info.plist;
				INFOPLIST_KEY_UIApplicationSceneManifest_Generation = YES;
				INFOPLIST_KEY_UIApplicationSupportsIndirectInputEvents = YES;
				INFOPLIST_KEY_UILaunchScreen_Generation = YES;
				INFOPLIST_KEY_UISupportedInterfaceOrientations = UIInterfaceOrientationPortrait;
				INFOPLIST_KEY_UISupportedInterfaceOrientations_iPad = "UIInterfaceOrientationLandscapeLeft UIInterfaceOrientationLandscapeRight UIInterfaceOrientationPortrait UIInterfaceOrientationPortraitUpsideDown";
				LD_RUNPATH_SEARCH_PATHS = (
					"$(inherited)",
					"@executable_path/Frameworks",
				);
				MARKETING_VERSION = 1.0;
				PRODUCT_BUNDLE_IDENTIFIER = com.saults.W8Trackr;
				PRODUCT_NAME = "$(TARGET_NAME)";
				SUPPORTED_PLATFORMS = "iphoneos iphonesimulator";
				SUPPORTS_MACCATALYST = NO;
				SUPPORTS_XR_DESIGNED_FOR_IPHONE_IPAD = NO;
				SWIFT_EMIT_LOC_STRINGS = YES;
				SWIFT_VERSION = 5.0;
				TARGETED_DEVICE_FAMILY = 1;
			};
			name = Debug;
		};
		BE502ED12DBFBF7900299FBF /* Release */ = {
			isa = XCBuildConfiguration;
			buildSettings = {
				ASSETCATALOG_COMPILER_APPICON_NAME = AppIcon;
				ASSETCATALOG_COMPILER_GLOBAL_ACCENT_COLOR_NAME = AccentColor;
				CODE_SIGN_ENTITLEMENTS = W8Trackr/W8Trackr.entitlements;
				CODE_SIGN_STYLE = Automatic;
				CURRENT_PROJECT_VERSION = 4;
				DEVELOPMENT_TEAM = 77QB78PHPH;
				ENABLE_PREVIEWS = YES;
				GENERATE_INFOPLIST_FILE = YES;
				INFOPLIST_FILE = W8Trackr/Info.plist;
				INFOPLIST_KEY_UIApplicationSceneManifest_Generation = YES;
				INFOPLIST_KEY_UIApplicationSupportsIndirectInputEvents = YES;
				INFOPLIST_KEY_UILaunchScreen_Generation = YES;
				INFOPLIST_KEY_UISupportedInterfaceOrientations = UIInterfaceOrientationPortrait;
				INFOPLIST_KEY_UISupportedInterfaceOrientations_iPad = "UIInterfaceOrientationLandscapeLeft UIInterfaceOrientationLandscapeRight UIInterfaceOrientationPortrait UIInterfaceOrientationPortraitUpsideDown";
				LD_RUNPATH_SEARCH_PATHS = (
					"$(inherited)",
					"@executable_path/Frameworks",
				);
				MARKETING_VERSION = 1.0;
				PRODUCT_BUNDLE_IDENTIFIER = com.saults.W8Trackr;
				PRODUCT_NAME = "$(TARGET_NAME)";
				SUPPORTED_PLATFORMS = "iphoneos iphonesimulator";
				SUPPORTS_MACCATALYST = NO;
				SUPPORTS_XR_DESIGNED_FOR_IPHONE_IPAD = NO;
				SWIFT_EMIT_LOC_STRINGS = YES;
				SWIFT_VERSION = 5.0;
				TARGETED_DEVICE_FAMILY = 1;
			};
			name = Release;
		};
		BE502ED32DBFBF7900299FBF /* Debug */ = {
			isa = XCBuildConfiguration;
			buildSettings = {
				BUNDLE_LOADER = "$(TEST_HOST)";
				CODE_SIGN_STYLE = Automatic;
				CURRENT_PROJECT_VERSION = 1;
				DEVELOPMENT_TEAM = 77QB78PHPH;
				GENERATE_INFOPLIST_FILE = YES;
				IPHONEOS_DEPLOYMENT_TARGET = 18.4;
				MARKETING_VERSION = 1.0;
				PRODUCT_BUNDLE_IDENTIFIER = com.saults.W8TrackrTests;
				PRODUCT_NAME = "$(TARGET_NAME)";
				SWIFT_EMIT_LOC_STRINGS = NO;
				SWIFT_VERSION = 5.0;
				TARGETED_DEVICE_FAMILY = "1,2";
				TEST_HOST = "$(BUILT_PRODUCTS_DIR)/W8Trackr.app/$(BUNDLE_EXECUTABLE_FOLDER_PATH)/W8Trackr";
			};
			name = Debug;
		};
		BE502ED42DBFBF7900299FBF /* Release */ = {
			isa = XCBuildConfiguration;
			buildSettings = {
				BUNDLE_LOADER = "$(TEST_HOST)";
				CODE_SIGN_STYLE = Automatic;
				CURRENT_PROJECT_VERSION = 1;
				DEVELOPMENT_TEAM = 77QB78PHPH;
				GENERATE_INFOPLIST_FILE = YES;
				IPHONEOS_DEPLOYMENT_TARGET = 18.4;
				MARKETING_VERSION = 1.0;
				PRODUCT_BUNDLE_IDENTIFIER = com.saults.W8TrackrTests;
				PRODUCT_NAME = "$(TARGET_NAME)";
				SWIFT_EMIT_LOC_STRINGS = NO;
				SWIFT_VERSION = 5.0;
				TARGETED_DEVICE_FAMILY = "1,2";
				TEST_HOST = "$(BUILT_PRODUCTS_DIR)/W8Trackr.app/$(BUNDLE_EXECUTABLE_FOLDER_PATH)/W8Trackr";
			};
			name = Release;
		};
		BEUI00092DBFBF7900299FBF /* Debug */ = {
			isa = XCBuildConfiguration;
			buildSettings = {
				CODE_SIGN_STYLE = Automatic;
				CURRENT_PROJECT_VERSION = 1;
				DEVELOPMENT_TEAM = 77QB78PHPH;
				GENERATE_INFOPLIST_FILE = YES;
				IPHONEOS_DEPLOYMENT_TARGET = 18.4;
				MARKETING_VERSION = 1.0;
				PRODUCT_BUNDLE_IDENTIFIER = com.saults.W8TrackrUITests;
				PRODUCT_NAME = "$(TARGET_NAME)";
				SWIFT_EMIT_LOC_STRINGS = NO;
				SWIFT_VERSION = 5.0;
				TARGETED_DEVICE_FAMILY = "1,2";
				TEST_TARGET_NAME = W8Trackr;
			};
			name = Debug;
		};
		BEUI000A2DBFBF7900299FBF /* Release */ = {
			isa = XCBuildConfiguration;
			buildSettings = {
				CODE_SIGN_STYLE = Automatic;
				CURRENT_PROJECT_VERSION = 1;
				DEVELOPMENT_TEAM = 77QB78PHPH;
				GENERATE_INFOPLIST_FILE = YES;
				IPHONEOS_DEPLOYMENT_TARGET = 18.4;
				MARKETING_VERSION = 1.0;
				PRODUCT_BUNDLE_IDENTIFIER = com.saults.W8TrackrUITests;
				PRODUCT_NAME = "$(TARGET_NAME)";
				SWIFT_EMIT_LOC_STRINGS = NO;
				SWIFT_VERSION = 5.0;
				TARGETED_DEVICE_FAMILY = "1,2";
				TEST_TARGET_NAME = W8Trackr;
			};
			name = Release;
		};
/* End XCBuildConfiguration section */

/* Begin XCConfigurationList section */
		BE502EA92DBFBF7700299FBF /* Build configuration list for PBXProject "W8Trackr" */ = {
			isa = XCConfigurationList;
			buildConfigurations = (
				BE502ECD2DBFBF7900299FBF /* Debug */,
				BE502ECE2DBFBF7900299FBF /* Release */,
			);
			defaultConfigurationIsVisible = 0;
			defaultConfigurationName = Release;
		};
		BE502ECF2DBFBF7900299FBF /* Build configuration list for PBXNativeTarget "W8Trackr" */ = {
			isa = XCConfigurationList;
			buildConfigurations = (
				BE502ED02DBFBF7900299FBF /* Debug */,
				BE502ED12DBFBF7900299FBF /* Release */,
			);
			defaultConfigurationIsVisible = 0;
			defaultConfigurationName = Release;
		};
		BE502ED22DBFBF7900299FBF /* Build configuration list for PBXNativeTarget "W8TrackrTests" */ = {
			isa = XCConfigurationList;
			buildConfigurations = (
				BE502ED32DBFBF7900299FBF /* Debug */,
				BE502ED42DBFBF7900299FBF /* Release */,
			);
			defaultConfigurationIsVisible = 0;
			defaultConfigurationName = Release;
		};
		BEUI000B2DBFBF7900299FBF /* Build configuration list for PBXNativeTarget "W8TrackrUITests" */ = {
			isa = XCConfigurationList;
			buildConfigurations = (
				BEUI00092DBFBF7900299FBF /* Debug */,
				BEUI000A2DBFBF7900299FBF /* Release */,
			);
			defaultConfigurationIsVisible = 0;
			defaultConfigurationName = Release;
		};
/* End XCConfigurationList section */
	};
	rootObject = BE502EA62DBFBF7700299FBF /* Project object */;
}
